
Microsoft Visual Studio Solution File, Format Version 12.00
# Visual Studio 15
VisualStudioVersion = 15.0.27004.2010
MinimumVisualStudioVersion = 10.0.40219.1
Project("{9A19103F-16F7-4668-BE54-9A1E7A4F7556}") = "RestAPICore20", "RestAPICore20\RestAPICore20.csproj", "{63780EEB-BD6C-4E02-974B-E3206CD382DD}"
EndProject
Project("{FAE04EC0-301F-11D3-BF4B-00C04F79EFBC}") = "LiteDBRepository", "LiteDBRepository\LiteDBRepository.csproj", "{98498982-8FAB-407F-865C-F3D5A9585C30}"
EndProject
Global
	GlobalSection(SolutionConfigurationPlatforms) = preSolution
		Debug|Any CPU = Debug|Any CPU
		Release|Any CPU = Release|Any CPU
	EndGlobalSection
	GlobalSection(ProjectConfigurationPlatforms) = postSolution
		{63780EEB-BD6C-4E02-974B-E3206CD382DD}.Debug|Any CPU.ActiveCfg = Debug|Any CPU
		{63780EEB-BD6C-4E02-974B-E3206CD382DD}.Debug|Any CPU.Build.0 = Debug|Any CPU
		{63780EEB-BD6C-4E02-974B-E3206CD382DD}.Release|Any CPU.ActiveCfg = Release|Any CPU
		{63780EEB-BD6C-4E02-974B-E3206CD382DD}.Release|Any CPU.Build.0 = Release|Any CPU
		{98498982-8FAB-407F-865C-F3D5A9585C30}.Debug|Any CPU.ActiveCfg = Debug|Any CPU
		{98498982-8FAB-407F-865C-F3D5A9585C30}.Debug|Any CPU.Build.0 = Debug|Any CPU
		{98498982-8FAB-407F-865C-F3D5A9585C30}.Release|Any CPU.ActiveCfg = Release|Any CPU
		{98498982-8FAB-407F-865C-F3D5A9585C30}.Release|Any CPU.Build.0 = Release|Any CPU
	EndGlobalSection
	GlobalSection(SolutionProperties) = preSolution
		HideSolutionNode = FALSE
	EndGlobalSection
	GlobalSection(ExtensibilityGlobals) = postSolution
		SolutionGuid = {2DE6760D-44B5-45CB-B094-85774AFCF7F3}
	EndGlobalSection
EndGlobal
